
Microsoft Visual Studio Solution File, Format Version 12.00
# Visual Studio 15
VisualStudioVersion = 15.0.26730.16
MinimumVisualStudioVersion = 10.0.40219.1
Project("{FAE04EC0-301F-11D3-BF4B-00C04F79EFBC}") = "SpreadsheetGUI", "SpreadsheetGUI\SpreadsheetGUI.csproj", "{DDD33A7E-16C5-4063-8DB1-B3AF6F396110}"
EndProject
Project("{FAE04EC0-301F-11D3-BF4B-00C04F79EFBC}") = "Spreadsheet", "Spreadsheet\Spreadsheet.csproj", "{2816BFE5-A54B-4AFF-A7B3-6E561DEF5132}"
EndProject
Project("{FAE04EC0-301F-11D3-BF4B-00C04F79EFBC}") = "SpreadsheetTests", "SpreadsheetTests\SpreadsheetTests.csproj", "{CEE3C6D7-C5DF-4435-8B97-8F4CE287EEAB}"
EndProject
Project("{FAE04EC0-301F-11D3-BF4B-00C04F79EFBC}") = "SpreadsheetUtilities", "SpreadsheetUtilities\SpreadsheetUtilities.csproj", "{A5B07CD0-3DB0-4FFC-8667-8C298E569167}"
EndProject
Project("{FAE04EC0-301F-11D3-BF4B-00C04F79EFBC}") = "Formula", "Formula\Formula.csproj", "{DAACFE35-F664-40C0-9181-20DAF728D6B8}"
EndProject
Project("{FAE04EC0-301F-11D3-BF4B-00C04F79EFBC}") = "MenuGUI", "MenuGUI\MenuGUI.csproj", "{22F39611-88E4-494F-A116-6EEB082C7BED}"
EndProject
Project("{FAE04EC0-301F-11D3-BF4B-00C04F79EFBC}") = "Network", "Network\Network.csproj", "{6A7F7124-AC26-4CBF-97F8-69035E48D467}"
EndProject
Global
	GlobalSection(SolutionConfigurationPlatforms) = preSolution
		Debug|Any CPU = Debug|Any CPU
		Debug|x86 = Debug|x86
		Release|Any CPU = Release|Any CPU
		Release|x86 = Release|x86
	EndGlobalSection
	GlobalSection(ProjectConfigurationPlatforms) = postSolution
		{DDD33A7E-16C5-4063-8DB1-B3AF6F396110}.Debug|Any CPU.ActiveCfg = Debug|Any CPU
		{DDD33A7E-16C5-4063-8DB1-B3AF6F396110}.Debug|Any CPU.Build.0 = Debug|Any CPU
		{DDD33A7E-16C5-4063-8DB1-B3AF6F396110}.Debug|x86.ActiveCfg = Debug|Any CPU
		{DDD33A7E-16C5-4063-8DB1-B3AF6F396110}.Debug|x86.Build.0 = Debug|Any CPU
		{DDD33A7E-16C5-4063-8DB1-B3AF6F396110}.Release|Any CPU.ActiveCfg = Release|Any CPU
		{DDD33A7E-16C5-4063-8DB1-B3AF6F396110}.Release|Any CPU.Build.0 = Release|Any CPU
		{DDD33A7E-16C5-4063-8DB1-B3AF6F396110}.Release|x86.ActiveCfg = Release|Any CPU
		{DDD33A7E-16C5-4063-8DB1-B3AF6F396110}.Release|x86.Build.0 = Release|Any CPU
		{2816BFE5-A54B-4AFF-A7B3-6E561DEF5132}.Debug|Any CPU.ActiveCfg = Debug|Any CPU
		{2816BFE5-A54B-4AFF-A7B3-6E561DEF5132}.Debug|Any CPU.Build.0 = Debug|Any CPU
		{2816BFE5-A54B-4AFF-A7B3-6E561DEF5132}.Debug|x86.ActiveCfg = Debug|Any CPU
		{2816BFE5-A54B-4AFF-A7B3-6E561DEF5132}.Debug|x86.Build.0 = Debug|Any CPU
		{2816BFE5-A54B-4AFF-A7B3-6E561DEF5132}.Release|Any CPU.ActiveCfg = Release|Any CPU
		{2816BFE5-A54B-4AFF-A7B3-6E561DEF5132}.Release|Any CPU.Build.0 = Release|Any CPU
		{2816BFE5-A54B-4AFF-A7B3-6E561DEF5132}.Release|x86.ActiveCfg = Release|Any CPU
		{2816BFE5-A54B-4AFF-A7B3-6E561DEF5132}.Release|x86.Build.0 = Release|Any CPU
		{CEE3C6D7-C5DF-4435-8B97-8F4CE287EEAB}.Debug|Any CPU.ActiveCfg = Debug|Any CPU
		{CEE3C6D7-C5DF-4435-8B97-8F4CE287EEAB}.Debug|Any CPU.Build.0 = Debug|Any CPU
		{CEE3C6D7-C5DF-4435-8B97-8F4CE287EEAB}.Debug|x86.ActiveCfg = Debug|Any CPU
		{CEE3C6D7-C5DF-4435-8B97-8F4CE287EEAB}.Debug|x86.Build.0 = Debug|Any CPU
		{CEE3C6D7-C5DF-4435-8B97-8F4CE287EEAB}.Release|Any CPU.ActiveCfg = Release|Any CPU
		{CEE3C6D7-C5DF-4435-8B97-8F4CE287EEAB}.Release|Any CPU.Build.0 = Release|Any CPU
		{CEE3C6D7-C5DF-4435-8B97-8F4CE287EEAB}.Release|x86.ActiveCfg = Release|Any CPU
		{CEE3C6D7-C5DF-4435-8B97-8F4CE287EEAB}.Release|x86.Build.0 = Release|Any CPU
		{A5B07CD0-3DB0-4FFC-8667-8C298E569167}.Debug|Any CPU.ActiveCfg = Debug|Any CPU
		{A5B07CD0-3DB0-4FFC-8667-8C298E569167}.Debug|Any CPU.Build.0 = Debug|Any CPU
		{A5B07CD0-3DB0-4FFC-8667-8C298E569167}.Debug|x86.ActiveCfg = Debug|Any CPU
		{A5B07CD0-3DB0-4FFC-8667-8C298E569167}.Debug|x86.Build.0 = Debug|Any CPU
		{A5B07CD0-3DB0-4FFC-8667-8C298E569167}.Release|Any CPU.ActiveCfg = Release|Any CPU
		{A5B07CD0-3DB0-4FFC-8667-8C298E569167}.Release|Any CPU.Build.0 = Release|Any CPU
		{A5B07CD0-3DB0-4FFC-8667-8C298E569167}.Release|x86.ActiveCfg = Release|Any CPU
		{A5B07CD0-3DB0-4FFC-8667-8C298E569167}.Release|x86.Build.0 = Release|Any CPU
		{DAACFE35-F664-40C0-9181-20DAF728D6B8}.Debug|Any CPU.ActiveCfg = Debug|Any CPU
		{DAACFE35-F664-40C0-9181-20DAF728D6B8}.Debug|Any CPU.Build.0 = Debug|Any CPU
		{DAACFE35-F664-40C0-9181-20DAF728D6B8}.Debug|x86.ActiveCfg = Debug|Any CPU
		{DAACFE35-F664-40C0-9181-20DAF728D6B8}.Debug|x86.Build.0 = Debug|Any CPU
		{DAACFE35-F664-40C0-9181-20DAF728D6B8}.Release|Any CPU.ActiveCfg = Release|Any CPU
		{DAACFE35-F664-40C0-9181-20DAF728D6B8}.Release|Any CPU.Build.0 = Release|Any CPU
		{DAACFE35-F664-40C0-9181-20DAF728D6B8}.Release|x86.ActiveCfg = Release|Any CPU
		{DAACFE35-F664-40C0-9181-20DAF728D6B8}.Release|x86.Build.0 = Release|Any CPU
		{22F39611-88E4-494F-A116-6EEB082C7BED}.Debug|Any CPU.ActiveCfg = Debug|Any CPU
		{22F39611-88E4-494F-A116-6EEB082C7BED}.Debug|Any CPU.Build.0 = Debug|Any CPU
		{22F39611-88E4-494F-A116-6EEB082C7BED}.Debug|x86.ActiveCfg = Debug|Any CPU
		{22F39611-88E4-494F-A116-6EEB082C7BED}.Debug|x86.Build.0 = Debug|Any CPU
		{22F39611-88E4-494F-A116-6EEB082C7BED}.Release|Any CPU.ActiveCfg = Release|Any CPU
		{22F39611-88E4-494F-A116-6EEB082C7BED}.Release|Any CPU.Build.0 = Release|Any CPU
		{22F39611-88E4-494F-A116-6EEB082C7BED}.Release|x86.ActiveCfg = Release|Any CPU
		{22F39611-88E4-494F-A116-6EEB082C7BED}.Release|x86.Build.0 = Release|Any CPU
		{6A7F7124-AC26-4CBF-97F8-69035E48D467}.Debug|Any CPU.ActiveCfg = Debug|Any CPU
		{6A7F7124-AC26-4CBF-97F8-69035E48D467}.Debug|Any CPU.Build.0 = Debug|Any CPU
		{6A7F7124-AC26-4CBF-97F8-69035E48D467}.Debug|x86.ActiveCfg = Debug|Any CPU
		{6A7F7124-AC26-4CBF-97F8-69035E48D467}.Debug|x86.Build.0 = Debug|Any CPU
		{6A7F7124-AC26-4CBF-97F8-69035E48D467}.Release|Any CPU.ActiveCfg = Release|Any CPU
		{6A7F7124-AC26-4CBF-97F8-69035E48D467}.Release|Any CPU.Build.0 = Release|Any CPU
		{6A7F7124-AC26-4CBF-97F8-69035E48D467}.Release|x86.ActiveCfg = Release|Any CPU
		{6A7F7124-AC26-4CBF-97F8-69035E48D467}.Release|x86.Build.0 = Release|Any CPU
	EndGlobalSection
	GlobalSection(SolutionProperties) = preSolution
		HideSolutionNode = FALSE
	EndGlobalSection
	GlobalSection(ExtensibilityGlobals) = postSolution
		SolutionGuid = {36A35937-2811-44EC-B89C-3994B48582DF}
	EndGlobalSection
EndGlobal
